
Microsoft Visual Studio Solution File, Format Version 12.00
# Visual Studio Version 16
VisualStudioVersion = 16.0.31410.357
MinimumVisualStudioVersion = 10.0.40219.1
Project("{FAE04EC0-301F-11D3-BF4B-00C04F79EFBC}") = "TP4_Simulation", "TP4_Simulation.csproj", "{49715CF2-D00B-471E-9FDD-0DB7A395B351}"
EndProject
Global
	GlobalSection(SolutionConfigurationPlatforms) = preSolution
		Debug|Any CPU = Debug|Any CPU
		Release|Any CPU = Release|Any CPU
	EndGlobalSection
	GlobalSection(ProjectConfigurationPlatforms) = postSolution
		{49715CF2-D00B-471E-9FDD-0DB7A395B351}.Debug|Any CPU.ActiveCfg = Debug|Any CPU
		{49715CF2-D00B-471E-9FDD-0DB7A395B351}.Debug|Any CPU.Build.0 = Debug|Any CPU
		{49715CF2-D00B-471E-9FDD-0DB7A395B351}.Release|Any CPU.ActiveCfg = Release|Any CPU
		{49715CF2-D00B-471E-9FDD-0DB7A395B351}.Release|Any CPU.Build.0 = Release|Any CPU
	EndGlobalSection
	GlobalSection(SolutionProperties) = preSolution
		HideSolutionNode = FALSE
	EndGlobalSection
	GlobalSection(ExtensibilityGlobals) = postSolution
		SolutionGuid = {DAFC7042-4177-4705-9830-F3B0321AB06A}
	EndGlobalSection
EndGlobal
